<?xml version="1.0" encoding="utf-8"?>
<Project ToolsVersion="4.0" xmlns="http://schemas.microsoft.com/developer/msbuild/2003">
  <ItemGroup>
    <Filter Include="Source Files">
      <UniqueIdentifier>{4FC737F1-C7A5-4376-A066-2A32D752A2FF}</UniqueIdentifier>
      <Extensions>cpp;c;cc;cxx;def;odl;idl;hpj;bat;asm;asmx</Extensions>
    </Filter>
    <Filter Include="Header Files">
      <UniqueIdentifier>{93995380-89BD-4b04-88EB-625FBE52EBFB}</UniqueIdentifier>
      <Extensions>h;hh;hpp;hxx;hm;inl;inc;ipp;xsd</Extensions>
    </Filter>
    <Filter Include="Resource Files">
      <UniqueIdentifier>{67DA6AB6-F800-4c08-8B7A-83BB121AAD01}</UniqueIdentifier>
      <Extensions>rc;ico;cur;bmp;dlg;rc2;rct;bin;rgs;gif;jpg;jpeg;jpe;resx;tiff;tif;png;wav;mfcribbon-ms</Extensions>
    </Filter>
  </ItemGroup>
  <ItemGroup>
    <ClInclude Include="stdafx.h">
      <Filter>Header Files</Filter>
    </ClInclude>
    <ClInclude Include="targetver.h">
      <Filter>Header Files</Filter>
    </ClInclude>
    <ClInclude Include="Constants.h">
      <Filter>Header Files</Filter>
    </ClInclude>
    <ClInclude Include="LemmaLoad.h">
      <Filter>Header Files</Filter>
    </ClInclude>
    <ClInclude Include="Lemmantization.h">
      <Filter>Header Files</Filter>
    </ClInclude>
    <ClInclude Include="LoadDictionaryData.h">
      <Filter>Header Files</Filter>
    </ClInclude>
    <ClInclude Include="Main.h">
      <Filter>Header Files</Filter>
    </ClInclude>
    <ClInclude Include="Message.h">
      <Filter>Header Files</Filter>
    </ClInclude>
    <ClInclude Include="MessageParameter.h">
      <Filter>Header Files</Filter>
    </ClInclude>
    <ClInclude Include="Notification.h">
      <Filter>Header Files</Filter>
    </ClInclude>
    <ClInclude Include="NotificationParameter.h">
      <Filter>Header Files</Filter>
    </ClInclude>
    <ClInclude Include="pch.h">
      <Filter>Header Files</Filter>
    </ClInclude>
    <ClInclude Include="RcsSearchReply.h">
      <Filter>Header Files</Filter>
    </ClInclude>
    <ClInclude Include="RcsService.h">
      <Filter>Header Files</Filter>
    </ClInclude>
    <ClInclude Include="RcsUtil.h">
      <Filter>Header Files</Filter>
    </ClInclude>
    <ClInclude Include="RcsUtility.h">
      <Filter>Header Files</Filter>
    </ClInclude>
    <ClInclude Include="RcsUtilityData.h">
      <Filter>Header Files</Filter>
    </ClInclude>
    <ClInclude Include="RcsUtilityDataLoad.h">
      <Filter>Header Files</Filter>
    </ClInclude>
    <ClInclude Include="RcsUtilityReply.h">
      <Filter>Header Files</Filter>
    </ClInclude>
    <ClInclude Include="RcsUtilityRequest.h">
      <Filter>Header Files</Filter>
    </ClInclude>
    <ClInclude Include="RcsUtilityValidator.h">
      <Filter>Header Files</Filter>
    </ClInclude>
    <ClInclude Include="StringUtils.h">
      <Filter>Header Files</Filter>
    </ClInclude>
  </ItemGroup>
  <ItemGroup>
    <ClCompile Include="stdafx.cpp">
      <Filter>Source Files</Filter>
    </ClCompile>
    <ClCompile Include="Dll1.cpp">
      <Filter>Source Files</Filter>
    </ClCompile>
    <ClCompile Include="Constants.cpp">
      <Filter>Source Files</Filter>
    </ClCompile>
    <ClCompile Include="LemmaLoad.cpp">
      <Filter>Source Files</Filter>
    </ClCompile>
    <ClCompile Include="Lemmantization.cpp">
      <Filter>Source Files</Filter>
    </ClCompile>
    <ClCompile Include="LoadDictionaryData.cpp">
      <Filter>Source Files</Filter>
    </ClCompile>
    <ClCompile Include="Main.cpp">
      <Filter>Source Files</Filter>
    </ClCompile>
    <ClCompile Include="Message.cpp">
      <Filter>Source Files</Filter>
    </ClCompile>
    <ClCompile Include="MesssageParameter.cpp">
      <Filter>Source Files</Filter>
    </ClCompile>
    <ClCompile Include="Notification.cpp">
      <Filter>Source Files</Filter>
    </ClCompile>
    <ClCompile Include="NotificationParameter.cpp">
      <Filter>Source Files</Filter>
    </ClCompile>
    <ClCompile Include="pch.cpp">
      <Filter>Source Files</Filter>
    </ClCompile>
    <ClCompile Include="RcsSearchReply.cpp">
      <Filter>Source Files</Filter>
    </ClCompile>
    <ClCompile Include="RcsService.cpp">
      <Filter>Source Files</Filter>
    </ClCompile>
    <ClCompile Include="RcsUtil.cpp">
      <Filter>Source Files</Filter>
    </ClCompile>
    <ClCompile Include="RcsUtility.cpp">
      <Filter>Source Files</Filter>
    </ClCompile>
    <ClCompile Include="RcsUtilityData.cpp">
      <Filter>Source Files</Filter>
    </ClCompile>
    <ClCompile Include="RcsUtilityDataLoad.cpp">
      <Filter>Source Files</Filter>
    </ClCompile>
    <ClCompile Include="RcsUtilityReply.cpp">
      <Filter>Source Files</Filter>
    </ClCompile>
    <ClCompile Include="RcsUtilityRequest.cpp">
      <Filter>Source Files</Filter>
    </ClCompile>
    <ClCompile Include="RcsUtilityValidator.cpp">
      <Filter>Source Files</Filter>
    </ClCompile>
    <ClCompile Include="StringUtils.cpp">
      <Filter>Source Files</Filter>
    </ClCompile>
  </ItemGroup>
</Project>